
Microsoft Visual Studio Solution File, Format Version 12.00
# Visual Studio Version 17
VisualStudioVersion = 17.3.32825.248
MinimumVisualStudioVersion = 10.0.40219.1
Project("{FAE04EC0-301F-11D3-BF4B-00C04F79EFBC}") = "CaoDangThinh_2080601208_BIGSCHOOL", "CaoDangThinh_2080601208_BIGSCHOOL\CaoDangThinh_2080601208_BIGSCHOOL.csproj", "{A51ECE36-CB6C-49FC-8CE0-F5F1C983D925}"
EndProject
Global
	GlobalSection(SolutionConfigurationPlatforms) = preSolution
		Debug|Any CPU = Debug|Any CPU
		Release|Any CPU = Release|Any CPU
	EndGlobalSection
	GlobalSection(ProjectConfigurationPlatforms) = postSolution
		{A51ECE36-CB6C-49FC-8CE0-F5F1C983D925}.Debug|Any CPU.ActiveCfg = Debug|Any CPU
		{A51ECE36-CB6C-49FC-8CE0-F5F1C983D925}.Debug|Any CPU.Build.0 = Debug|Any CPU
		{A51ECE36-CB6C-49FC-8CE0-F5F1C983D925}.Release|Any CPU.ActiveCfg = Release|Any CPU
		{A51ECE36-CB6C-49FC-8CE0-F5F1C983D925}.Release|Any CPU.Build.0 = Release|Any CPU
	EndGlobalSection
	GlobalSection(SolutionProperties) = preSolution
		HideSolutionNode = FALSE
	EndGlobalSection
	GlobalSection(ExtensibilityGlobals) = postSolution
		SolutionGuid = {D0B8717B-4820-4A4E-B1F8-4D0EE11F684A}
	EndGlobalSection
EndGlobal
